{
    "_readme": [
        "This file locks the dependencies of your project to a known state",
        "Read more about it at https://getcomposer.org/doc/01-basic-usage.md#composer-lock-the-lock-file",
        "This file is @generated automatically"
    ],
    "content-hash": "51322f1c94c672e59d653d7dfcdff28f",
    "packages": [
        {
            "name": "alchemy/zippy",
            "version": "0.3.5",
            "source": {
                "type": "git",
                "url": "https://github.com/alchemy-fr/Zippy.git",
                "reference": "92c773f7bbe47fdb30c61dbaea3dcbf4dd13a40a"
            },
            "dist": {
                "type": "zip",
                "url": "https://api.github.com/repos/alchemy-fr/Zippy/zipball/92c773f7bbe47fdb30c61dbaea3dcbf4dd13a40a",
                "reference": "92c773f7bbe47fdb30c61dbaea3dcbf4dd13a40a",
                "shasum": ""
            },
            "require": {
                "doctrine/collections": "~1.0",
                "ext-mbstring": "*",
                "php": ">=5.3.3",
                "symfony/filesystem": "^2.0.5|^3.0",
                "symfony/process": "^2.1|^3.0"
            },
            "require-dev": {
                "ext-zip": "*",
                "guzzle/guzzle": "~3.0",
                "phpunit/phpunit": "^4.0|^5.0",
                "symfony/finder": "^2.0.5|^3.0"
            },
            "suggest": {
                "ext-zip": "To use the ZipExtensionAdapter",
                "guzzle/guzzle": "To use the GuzzleTeleporter"
            },
            "type": "library",
            "extra": {
                "branch-alias": {
                    "dev-master": "0.2.x-dev"
                }
            },
            "autoload": {
                "psr-4": {
                    "Alchemy\\Zippy\\": "src/"
                }
            },
            "notification-url": "https://packagist.org/downloads/",
            "license": [
                "MIT"
            ],
            "authors": [
                {
                    "name": "Alchemy",
                    "email": "dev.team@alchemy.fr",
                    "homepage": "http://www.alchemy.fr/"
                }
            ],
            "description": "Zippy, the archive manager companion",
            "keywords": [
                "bzip",
                "compression",
                "tar",
                "zip"
            ],
            "time": "2016-02-15T22:46:40+00:00"
        },
        {
            "name": "doctrine/collections",
            "version": "v1.5.0",
            "source": {
                "type": "git",
                "url": "https://github.com/doctrine/collections.git",
                "reference": "a01ee38fcd999f34d9bfbcee59dbda5105449cbf"
            },
            "dist": {
                "type": "zip",
                "url": "https://api.github.com/repos/doctrine/collections/zipball/a01ee38fcd999f34d9bfbcee59dbda5105449cbf",
                "reference": "a01ee38fcd999f34d9bfbcee59dbda5105449cbf",
                "shasum": ""
            },
            "require": {
                "php": "^7.1"
            },
            "require-dev": {
                "doctrine/coding-standard": "~0.1@dev",
                "phpunit/phpunit": "^5.7"
            },
            "type": "library",
            "extra": {
                "branch-alias": {
                    "dev-master": "1.3.x-dev"
                }
            },
            "autoload": {
                "psr-0": {
                    "Doctrine\\Common\\Collections\\": "lib/"
                }
            },
            "notification-url": "https://packagist.org/downloads/",
            "license": [
                "MIT"
            ],
            "authors": [
                {
                    "name": "Roman Borschel",
                    "email": "roman@code-factory.org"
                },
                {
                    "name": "Benjamin Eberlei",
                    "email": "kontakt@beberlei.de"
                },
                {
                    "name": "Guilherme Blanco",
                    "email": "guilhermeblanco@gmail.com"
                },
                {
                    "name": "Jonathan Wage",
                    "email": "jonwage@gmail.com"
                },
                {
                    "name": "Johannes Schmitt",
                    "email": "schmittjoh@gmail.com"
                }
            ],
            "description": "Collections Abstraction library",
            "homepage": "http://www.doctrine-project.org",
            "keywords": [
                "array",
                "collections",
                "iterator"
            ],
            "time": "2017-07-22T10:37:32+00:00"
        },
        {
            "name": "evanlovely/plugin-twig-namespaces",
            "version": "v1.0.0",
            "source": {
                "type": "git",
                "url": "https://github.com/EvanLovely/plugin-twig-namespaces.git",
                "reference": "d12f8d6ff2624ea81beccb134b315587350a6fca"
            },
            "dist": {
                "type": "zip",
                "url": "https://api.github.com/repos/EvanLovely/plugin-twig-namespaces/zipball/d12f8d6ff2624ea81beccb134b315587350a6fca",
                "reference": "d12f8d6ff2624ea81beccb134b315587350a6fca",
                "shasum": ""
            },
            "require": {
                "php": ">=5.4"
            },
            "type": "patternlab-plugin",
            "extra": {
                "patternlab": {
                    "config": {
                        "plugins": {
                            "twigNamespaces": {
                                "enabled": false,
                                "roots": []
                            }
                        }
                    }
                }
            },
            "autoload": {
                "psr-0": {
                    "PatternLab\\TwigNamespaces": "src/"
                }
            },
            "notification-url": "https://packagist.org/downloads/",
            "license": [
                "MIT"
            ],
            "authors": [
                {
                    "name": "Evan Lovely",
                    "homepage": "http://evanlovely.com",
                    "role": "Lead Developer"
                }
            ],
            "description": "Twig Namespaces for Pattern Lab",
            "homepage": "http://patternlab.io",
            "keywords": [
                "pattern lab",
                "twig"
            ],
            "time": "2016-10-12T16:53:30+00:00"
        },
        {
            "name": "fzaninotto/faker",
            "version": "v1.7.1",
            "source": {
                "type": "git",
                "url": "https://github.com/fzaninotto/Faker.git",
                "reference": "d3ed4cc37051c1ca52d22d76b437d14809fc7e0d"
            },
            "dist": {
                "type": "zip",
                "url": "https://api.github.com/repos/fzaninotto/Faker/zipball/d3ed4cc37051c1ca52d22d76b437d14809fc7e0d",
                "reference": "d3ed4cc37051c1ca52d22d76b437d14809fc7e0d",
                "shasum": ""
            },
            "require": {
                "php": "^5.3.3 || ^7.0"
            },
            "require-dev": {
                "ext-intl": "*",
                "phpunit/phpunit": "^4.0 || ^5.0",
                "squizlabs/php_codesniffer": "^1.5"
            },
            "type": "library",
            "extra": {
                "branch-alias": {
                    "dev-master": "1.8-dev"
                }
            },
            "autoload": {
                "psr-4": {
                    "Faker\\": "src/Faker/"
                }
            },
            "notification-url": "https://packagist.org/downloads/",
            "license": [
                "MIT"
            ],
            "authors": [
                {
                    "name": "François Zaninotto"
                }
            ],
            "description": "Faker is a PHP library that generates fake data for you.",
            "keywords": [
                "data",
                "faker",
                "fixtures"
            ],
            "time": "2017-08-15T16:48:10+00:00"
        },
        {
            "name": "kevinlebrun/colors.php",
            "version": "1.0.2",
            "source": {
                "type": "git",
                "url": "https://github.com/kevinlebrun/colors.php.git",
                "reference": "6d7140aeedef46c97c2324f09b752c599ef17dac"
            },
            "dist": {
                "type": "zip",
                "url": "https://api.github.com/repos/kevinlebrun/colors.php/zipball/6d7140aeedef46c97c2324f09b752c599ef17dac",
                "reference": "6d7140aeedef46c97c2324f09b752c599ef17dac",
                "shasum": ""
            },
            "require": {
                "php": ">=5.3.0"
            },
            "require-dev": {
                "phpunit/phpunit": "3.7.*",
                "satooshi/php-coveralls": "1.0.*",
                "squizlabs/php_codesniffer": "1.*"
            },
            "type": "library",
            "autoload": {
                "psr-0": {
                    "Colors": "src/"
                }
            },
            "notification-url": "https://packagist.org/downloads/",
            "license": [
                "MIT"
            ],
            "authors": [
                {
                    "name": "Kevin Le Brun",
                    "email": "lebrun.k@gmail.com",
                    "homepage": "http://kevinlebrun.fr",
                    "role": "developer"
                }
            ],
            "description": "Colors for PHP CLI scripts",
            "homepage": "https://github.com/kevinlebrun/colors.php",
            "keywords": [
                "cli",
                "color",
                "colors",
                "console",
                "shell"
            ],
            "time": "2016-04-12T20:58:34+00:00"
        },
        {
            "name": "michelf/php-markdown",
            "version": "1.7.0",
            "source": {
                "type": "git",
                "url": "https://github.com/michelf/php-markdown.git",
                "reference": "1f51cc520948f66cd2af8cbc45a5ee175e774220"
            },
            "dist": {
                "type": "zip",
                "url": "https://api.github.com/repos/michelf/php-markdown/zipball/1f51cc520948f66cd2af8cbc45a5ee175e774220",
                "reference": "1f51cc520948f66cd2af8cbc45a5ee175e774220",
                "shasum": ""
            },
            "require": {
                "php": ">=5.3.0"
            },
            "type": "library",
            "extra": {
                "branch-alias": {
                    "dev-lib": "1.4.x-dev"
                }
            },
            "autoload": {
                "psr-0": {
                    "Michelf": ""
                }
            },
            "notification-url": "https://packagist.org/downloads/",
            "license": [
                "BSD-3-Clause"
            ],
            "authors": [
                {
                    "name": "Michel Fortin",
                    "email": "michel.fortin@michelf.ca",
                    "homepage": "https://michelf.ca/",
                    "role": "Developer"
                },
                {
                    "name": "John Gruber",
                    "homepage": "https://daringfireball.net/"
                }
            ],
            "description": "PHP Markdown",
            "homepage": "https://michelf.ca/projects/php-markdown/",
            "keywords": [
                "markdown"
            ],
            "time": "2016-10-29T18:58:20+00:00"
        },
        {
            "name": "pattern-lab/core",
            "version": "v2.8.1",
            "source": {
                "type": "git",
                "url": "https://github.com/drupal-pattern-lab/patternlab-php-core.git",
                "reference": "ed89147c334acc576191bdd3462b4b2e6a5f8b31"
            },
            "dist": {
                "type": "zip",
                "url": "https://api.github.com/repos/drupal-pattern-lab/patternlab-php-core/zipball/ed89147c334acc576191bdd3462b4b2e6a5f8b31",
                "reference": "ed89147c334acc576191bdd3462b4b2e6a5f8b31",
                "shasum": ""
            },
            "require": {
                "alchemy/zippy": "^0.3",
                "kevinlebrun/colors.php": "^1.0",
                "michelf/php-markdown": "^1.6",
                "php": ">=5.4",
                "seld/jsonlint": "^1.0",
                "shudrum/array-finder": "^1.0",
                "symfony/event-dispatcher": "^3.0",
                "symfony/filesystem": "^3.0",
                "symfony/finder": "^3.0",
                "symfony/process": "^3.1",
                "symfony/yaml": "^3.0"
            },
            "type": "library",
            "autoload": {
                "psr-0": {
                    "PatternLab": "src/"
                }
            },
            "license": [
                "MIT"
            ],
            "authors": [
                {
                    "name": "Dave Olsen",
                    "email": "dmolsen@gmail.com",
                    "homepage": "http://dmolsen.com",
                    "role": "Lead Developer"
                },
                {
                    "name": "Brad Frost",
                    "homepage": "http://bradfrostweb.com",
                    "role": "Creator"
                }
            ],
            "description": "The core functionality for Pattern Lab.",
            "homepage": "http://patternlab.io",
            "keywords": [
                "atomic",
                "atomic design",
                "pattern lab",
                "style guide",
                "styleguide"
            ],
            "support": {
                "issues": "https://github.com/drupal-pattern-lab/patternlab-php-core/issues",
                "wiki": "http://patternlab.io/docs/",
                "source": "https://github.com/drupal-pattern-lab/patternlab-php-core/releases"
            },
            "time": "2017-09-03T18:20:59+00:00"
        },
        {
            "name": "pattern-lab/drupal-twig-components",
            "version": "v2.2.0",
            "source": {
                "type": "git",
                "url": "https://github.com/pattern-lab/plugin-drupal-twig-components.git",
                "reference": "3f4e2ad80051ac66950c97e6a07e08376b001614"
            },
            "dist": {
                "type": "zip",
                "url": "https://api.github.com/repos/pattern-lab/plugin-drupal-twig-components/zipball/3f4e2ad80051ac66950c97e6a07e08376b001614",
                "reference": "3f4e2ad80051ac66950c97e6a07e08376b001614",
                "shasum": ""
            },
            "type": "patternlab-plugin",
            "extra": {
                "patternlab": {
                    "dist": {
                        "sourceDir": [
                            {
                                "filters/*": "_twig-components/filters/*"
                            },
                            {
                                "functions/*": "_twig-components/functions/*"
                            },
                            {
                                "tags/*": "_twig-components/tags/*"
                            },
                            {
                                "tests/*": "_twig-components/tests/*"
                            }
                        ]
                    }
                }
            },
            "notification-url": "https://packagist.org/downloads/",
            "license": [
                "MIT"
            ],
            "authors": [
                {
                    "name": "Dave Olsen",
                    "email": "dmolsen@gmail.com",
                    "homepage": "http://dmolsen.com",
                    "role": "Lead Developer"
                }
            ],
            "description": "A collection of Twig components to be used with Drupal- and Twig-related StarterKits.",
            "homepage": "http://patternlab.io",
            "keywords": [
                "drupal",
                "pattern lab",
                "twig"
            ],
            "time": "2016-09-07T19:28:17+00:00"
        },
        {
            "name": "pattern-lab/patternengine-twig",
            "version": "v2.2.3",
            "source": {
                "type": "git",
                "url": "https://github.com/drupal-pattern-lab/patternengine-php-twig.git",
                "reference": "f3254de28b9f0a0a1e1015070209a1e06908a829"
            },
            "dist": {
                "type": "zip",
                "url": "https://api.github.com/repos/drupal-pattern-lab/patternengine-php-twig/zipball/f3254de28b9f0a0a1e1015070209a1e06908a829",
                "reference": "f3254de28b9f0a0a1e1015070209a1e06908a829",
                "shasum": ""
            },
            "require": {
                "pattern-lab/core": "^2.0.0",
                "twig/twig": "~1.0"
            },
            "type": "patternlab-patternengine",
            "extra": {
                "patternlab": {
                    "config": {
                        "lineageMatch": "{%([ ]+)?(?:include|extends|embed)( |\\()[&quot;\\&#039;]([\\/.@A-Za-z0-9-_]+)[&quot;\\&#039;]([\\s\\S+]*?)%}",
                        "lineageMatchKey": 3,
                        "patternExtension": "twig",
                        "twigDebug": false,
                        "twigAutoescape": "html",
                        "twigDefaultDateFormat": "",
                        "twigDefaultIntervalFormat": "",
                        "twigMacroExt": "macro.twig",
                        "twigFilterExt": "filter.php",
                        "twigFunctionExt": "function.php",
                        "twigTagExt": "tag.php",
                        "twigTestExt": "test.php"
                    }
                }
            },
            "autoload": {
                "psr-0": {
                    "PatternLab\\PatternEngine\\Twig": "src/"
                }
            },
            "license": [
                "MIT"
            ],
            "authors": [
                {
                    "name": "Dave Olsen",
                    "email": "dmolsen@gmail.com",
                    "homepage": "http://dmolsen.com",
                    "role": "Lead Developer"
                }
            ],
            "description": "Twig-based PatternEngine for Pattern Lab.",
            "homepage": "http://patternlab.io",
            "keywords": [
                "pattern engine",
                "pattern lab",
                "twig"
            ],
            "support": {
                "issues": "https://github.com/drupal-pattern-lab/patternengine-php-twig/issues",
                "wiki": "http://patternlab.io/docs/",
                "source": "https://github.com/drupal-pattern-lab/patternengine-php-twig/releases"
            },
            "time": "2017-05-25T23:13:15+00:00"
        },
        {
            "name": "pattern-lab/plugin-faker",
            "version": "v2.0.0",
            "source": {
                "type": "git",
                "url": "https://github.com/pattern-lab/plugin-php-faker.git",
                "reference": "1892e8937e5b149068f098c17b214dc3860ef237"
            },
            "dist": {
                "type": "zip",
                "url": "https://api.github.com/repos/pattern-lab/plugin-php-faker/zipball/1892e8937e5b149068f098c17b214dc3860ef237",
                "reference": "1892e8937e5b149068f098c17b214dc3860ef237",
                "shasum": ""
            },
            "require": {
                "fzaninotto/faker": "^1.0.0",
                "pattern-lab/core": "^2.3.0",
                "php": ">=5.4"
            },
            "type": "patternlab-plugin",
            "extra": {
                "patternlab": {
                    "config": {
                        "plugins": {
                            "faker": {
                                "enabled": true,
                                "locale": "en_US"
                            }
                        }
                    }
                }
            },
            "autoload": {
                "psr-0": {
                    "PatternLab\\Faker": "src/"
                }
            },
            "notification-url": "https://packagist.org/downloads/",
            "license": [
                "MIT"
            ],
            "authors": [
                {
                    "name": "Dave Olsen",
                    "email": "dmolsen@gmail.com",
                    "homepage": "http://dmolsen.com",
                    "role": "Lead Developer"
                }
            ],
            "description": "Faker Support for Pattern Lab",
            "homepage": "http://patternlab.io",
            "keywords": [
                "faker",
                "pattern lab"
            ],
            "time": "2016-07-03T01:00:15+00:00"
        },
        {
            "name": "pattern-lab/styleguidekit-assets-default",
            "version": "v3.4.2",
            "source": {
                "type": "git",
                "url": "https://github.com/drupal-pattern-lab/styleguidekit-assets-default.git",
                "reference": "9452f6e032766a0675c2e446d65e6054d2a08a97"
            },
            "dist": {
                "type": "zip",
                "url": "https://api.github.com/repos/drupal-pattern-lab/styleguidekit-assets-default/zipball/9452f6e032766a0675c2e446d65e6054d2a08a97",
                "reference": "9452f6e032766a0675c2e446d65e6054d2a08a97",
                "shasum": ""
            },
            "type": "patternlab-styleguidekit",
            "extra": {
                "patternlab": {
                    "dist": {
                        "publicDir": [
                            {
                                "*": "*"
                            }
                        ]
                    },
                    "config": {
                        "ishMinimum": "240",
                        "ishMaximum": "2600",
                        "ishControlsHide": [
                            "hay"
                        ]
                    }
                }
            },
            "license": [
                "MIT"
            ],
            "authors": [
                {
                    "name": "Dave Olsen",
                    "email": "dmolsen@gmail.com",
                    "homepage": "http://dmolsen.com",
                    "role": "Lead Developer"
                },
                {
                    "name": "Brad Frost",
                    "homepage": "http://bradfrostweb.com",
                    "role": "Creator"
                }
            ],
            "description": "The assets for the default StyleguideKit for Pattern Lab. Contains styles and mark-up for Pattern Lab's front-end.",
            "homepage": "http://patternlab.io",
            "keywords": [
                "mustache",
                "pattern lab",
                "styleguide"
            ],
            "support": {
                "issues": "https://github.com/pattern-lab/styleguidekit-assets-default/issues",
                "wiki": "http://patternlab.io/docs/",
                "source": "https://github.com/pattern-lab/styleguidekit-assets-default/releases"
            },
            "time": "2017-05-25T23:00:23+00:00"
        },
        {
            "name": "pattern-lab/styleguidekit-twig-default",
            "version": "v3.0.3",
            "source": {
                "type": "git",
                "url": "https://github.com/drupal-pattern-lab/styleguidekit-twig-default.git",
                "reference": "5eed2e583d4e3d320c6b13aa926fefe9d0e10ee7"
            },
            "dist": {
                "type": "zip",
                "url": "https://api.github.com/repos/drupal-pattern-lab/styleguidekit-twig-default/zipball/5eed2e583d4e3d320c6b13aa926fefe9d0e10ee7",
                "reference": "5eed2e583d4e3d320c6b13aa926fefe9d0e10ee7",
                "shasum": ""
            },
            "require": {
                "pattern-lab/styleguidekit-assets-default": "^3.0.0"
            },
            "type": "patternlab-styleguidekit",
            "license": [
                "MIT"
            ],
            "authors": [
                {
                    "name": "Dave Olsen",
                    "email": "dmolsen@gmail.com",
                    "homepage": "http://dmolsen.com",
                    "role": "Lead Developer"
                },
                {
                    "name": "Brad Frost",
                    "homepage": "http://bradfrostweb.com",
                    "role": "Creator"
                }
            ],
            "description": "The default Twig-based StyleguideKit for Pattern Lab. Contains styles and mark-up for Pattern Lab's front-end.",
            "homepage": "http://patternlab.io",
            "keywords": [
                "pattern lab",
                "styleguide",
                "twig"
            ],
            "support": {
                "issues": "https://github.com/pattern-lab/styleguidekit-twig-default/issues",
                "wiki": "http://patternlab.io/docs/",
                "source": "https://github.com/pattern-lab/styleguidekit-twig-default/releases"
            },
            "time": "2017-08-28T18:42:55+00:00"
        },
        {
            "name": "seld/jsonlint",
            "version": "1.6.1",
            "source": {
                "type": "git",
                "url": "https://github.com/Seldaek/jsonlint.git",
                "reference": "50d63f2858d87c4738d5b76a7dcbb99fa8cf7c77"
            },
            "dist": {
                "type": "zip",
                "url": "https://api.github.com/repos/Seldaek/jsonlint/zipball/50d63f2858d87c4738d5b76a7dcbb99fa8cf7c77",
                "reference": "50d63f2858d87c4738d5b76a7dcbb99fa8cf7c77",
                "shasum": ""
            },
            "require": {
                "php": "^5.3 || ^7.0"
            },
            "require-dev": {
                "phpunit/phpunit": "^4.5"
            },
            "bin": [
                "bin/jsonlint"
            ],
            "type": "library",
            "autoload": {
                "psr-4": {
                    "Seld\\JsonLint\\": "src/Seld/JsonLint/"
                }
            },
            "notification-url": "https://packagist.org/downloads/",
            "license": [
                "MIT"
            ],
            "authors": [
                {
                    "name": "Jordi Boggiano",
                    "email": "j.boggiano@seld.be",
                    "homepage": "http://seld.be"
                }
            ],
            "description": "JSON Linter",
            "keywords": [
                "json",
                "linter",
                "parser",
                "validator"
            ],
            "time": "2017-06-18T15:11:04+00:00"
        },
        {
            "name": "shudrum/array-finder",
            "version": "v1.1.0",
            "source": {
                "type": "git",
                "url": "https://github.com/Shudrum/ArrayFinder.git",
                "reference": "42380f01017371b7a1e8e02b0bf12cb534e454d7"
            },
            "dist": {
                "type": "zip",
                "url": "https://api.github.com/repos/Shudrum/ArrayFinder/zipball/42380f01017371b7a1e8e02b0bf12cb534e454d7",
                "reference": "42380f01017371b7a1e8e02b0bf12cb534e454d7",
                "shasum": ""
            },
            "require": {
                "php": ">=5.4"
            },
            "type": "library",
            "autoload": {
                "psr-4": {
                    "Shudrum\\Component\\ArrayFinder\\": ""
                },
                "exclude-from-classmap": [
                    "/Tests/"
                ]
            },
            "notification-url": "https://packagist.org/downloads/",
            "license": [
                "MIT"
            ],
            "authors": [
                {
                    "name": "Julien Martin",
                    "email": "martin.julien82@gmail.com"
                }
            ],
            "description": "ArrayFinder component",
            "homepage": "https://github.com/Shudrum/ArrayFinder",
            "time": "2016-02-01T12:23:32+00:00"
        },
        {
            "name": "symfony/event-dispatcher",
            "version": "v3.3.10",
            "source": {
                "type": "git",
                "url": "https://github.com/symfony/event-dispatcher.git",
                "reference": "d7ba037e4b8221956ab1e221c73c9e27e05dd423"
            },
            "dist": {
                "type": "zip",
                "url": "https://api.github.com/repos/symfony/event-dispatcher/zipball/d7ba037e4b8221956ab1e221c73c9e27e05dd423",
                "reference": "d7ba037e4b8221956ab1e221c73c9e27e05dd423",
                "shasum": ""
            },
            "require": {
                "php": "^5.5.9|>=7.0.8"
            },
            "conflict": {
                "symfony/dependency-injection": "<3.3"
            },
            "require-dev": {
                "psr/log": "~1.0",
                "symfony/config": "~2.8|~3.0",
                "symfony/dependency-injection": "~3.3",
                "symfony/expression-language": "~2.8|~3.0",
                "symfony/stopwatch": "~2.8|~3.0"
            },
            "suggest": {
                "symfony/dependency-injection": "",
                "symfony/http-kernel": ""
            },
            "type": "library",
            "extra": {
                "branch-alias": {
                    "dev-master": "3.3-dev"
                }
            },
            "autoload": {
                "psr-4": {
                    "Symfony\\Component\\EventDispatcher\\": ""
                },
                "exclude-from-classmap": [
                    "/Tests/"
                ]
            },
            "notification-url": "https://packagist.org/downloads/",
            "license": [
                "MIT"
            ],
            "authors": [
                {
                    "name": "Fabien Potencier",
                    "email": "fabien@symfony.com"
                },
                {
                    "name": "Symfony Community",
                    "homepage": "https://symfony.com/contributors"
                }
            ],
            "description": "Symfony EventDispatcher Component",
            "homepage": "https://symfony.com",
            "time": "2017-10-02T06:42:24+00:00"
        },
        {
            "name": "symfony/filesystem",
            "version": "v3.3.10",
            "source": {
                "type": "git",
                "url": "https://github.com/symfony/filesystem.git",
                "reference": "90bc45abf02ae6b7deb43895c1052cb0038506f1"
            },
            "dist": {
                "type": "zip",
                "url": "https://api.github.com/repos/symfony/filesystem/zipball/90bc45abf02ae6b7deb43895c1052cb0038506f1",
                "reference": "90bc45abf02ae6b7deb43895c1052cb0038506f1",
                "shasum": ""
            },
            "require": {
                "php": "^5.5.9|>=7.0.8"
            },
            "type": "library",
            "extra": {
                "branch-alias": {
                    "dev-master": "3.3-dev"
                }
            },
            "autoload": {
                "psr-4": {
                    "Symfony\\Component\\Filesystem\\": ""
                },
                "exclude-from-classmap": [
                    "/Tests/"
                ]
            },
            "notification-url": "https://packagist.org/downloads/",
            "license": [
                "MIT"
            ],
            "authors": [
                {
                    "name": "Fabien Potencier",
                    "email": "fabien@symfony.com"
                },
                {
                    "name": "Symfony Community",
                    "homepage": "https://symfony.com/contributors"
                }
            ],
            "description": "Symfony Filesystem Component",
            "homepage": "https://symfony.com",
            "time": "2017-10-03T13:33:10+00:00"
        },
        {
            "name": "symfony/finder",
            "version": "v3.3.10",
            "source": {
                "type": "git",
                "url": "https://github.com/symfony/finder.git",
                "reference": "773e19a491d97926f236942484cb541560ce862d"
            },
            "dist": {
                "type": "zip",
                "url": "https://api.github.com/repos/symfony/finder/zipball/773e19a491d97926f236942484cb541560ce862d",
                "reference": "773e19a491d97926f236942484cb541560ce862d",
                "shasum": ""
            },
            "require": {
                "php": "^5.5.9|>=7.0.8"
            },
            "type": "library",
            "extra": {
                "branch-alias": {
                    "dev-master": "3.3-dev"
                }
            },
            "autoload": {
                "psr-4": {
                    "Symfony\\Component\\Finder\\": ""
                },
                "exclude-from-classmap": [
                    "/Tests/"
                ]
            },
            "notification-url": "https://packagist.org/downloads/",
            "license": [
                "MIT"
            ],
            "authors": [
                {
                    "name": "Fabien Potencier",
                    "email": "fabien@symfony.com"
                },
                {
                    "name": "Symfony Community",
                    "homepage": "https://symfony.com/contributors"
                }
            ],
            "description": "Symfony Finder Component",
            "homepage": "https://symfony.com",
            "time": "2017-10-02T06:42:24+00:00"
        },
        {
            "name": "symfony/process",
            "version": "v3.3.10",
            "source": {
                "type": "git",
                "url": "https://github.com/symfony/process.git",
                "reference": "fdf89e57a723a29baf536e288d6e232c059697b1"
            },
            "dist": {
                "type": "zip",
                "url": "https://api.github.com/repos/symfony/process/zipball/fdf89e57a723a29baf536e288d6e232c059697b1",
                "reference": "fdf89e57a723a29baf536e288d6e232c059697b1",
                "shasum": ""
            },
            "require": {
                "php": "^5.5.9|>=7.0.8"
            },
            "type": "library",
            "extra": {
                "branch-alias": {
                    "dev-master": "3.3-dev"
                }
            },
            "autoload": {
                "psr-4": {
                    "Symfony\\Component\\Process\\": ""
                },
                "exclude-from-classmap": [
                    "/Tests/"
                ]
            },
            "notification-url": "https://packagist.org/downloads/",
            "license": [
                "MIT"
            ],
            "authors": [
                {
                    "name": "Fabien Potencier",
                    "email": "fabien@symfony.com"
                },
                {
                    "name": "Symfony Community",
                    "homepage": "https://symfony.com/contributors"
                }
            ],
            "description": "Symfony Process Component",
            "homepage": "https://symfony.com",
            "time": "2017-10-02T06:42:24+00:00"
        },
        {
            "name": "symfony/yaml",
            "version": "v3.3.10",
            "source": {
                "type": "git",
                "url": "https://github.com/symfony/yaml.git",
                "reference": "8c7bf1e7d5d6b05a690b715729cb4cd0c0a99c46"
            },
            "dist": {
                "type": "zip",
                "url": "https://api.github.com/repos/symfony/yaml/zipball/8c7bf1e7d5d6b05a690b715729cb4cd0c0a99c46",
                "reference": "8c7bf1e7d5d6b05a690b715729cb4cd0c0a99c46",
                "shasum": ""
            },
            "require": {
                "php": "^5.5.9|>=7.0.8"
            },
            "require-dev": {
                "symfony/console": "~2.8|~3.0"
            },
            "suggest": {
                "symfony/console": "For validating YAML files using the lint command"
            },
            "type": "library",
            "extra": {
                "branch-alias": {
                    "dev-master": "3.3-dev"
                }
            },
            "autoload": {
                "psr-4": {
                    "Symfony\\Component\\Yaml\\": ""
                },
                "exclude-from-classmap": [
                    "/Tests/"
                ]
            },
            "notification-url": "https://packagist.org/downloads/",
            "license": [
                "MIT"
            ],
            "authors": [
                {
                    "name": "Fabien Potencier",
                    "email": "fabien@symfony.com"
                },
                {
                    "name": "Symfony Community",
                    "homepage": "https://symfony.com/contributors"
                }
            ],
            "description": "Symfony Yaml Component",
            "homepage": "https://symfony.com",
            "time": "2017-10-05T14:43:42+00:00"
        },
        {
            "name": "twig/twig",
            "version": "v1.35.0",
            "source": {
                "type": "git",
                "url": "https://github.com/twigphp/Twig.git",
                "reference": "daa657073e55b0a78cce8fdd22682fddecc6385f"
            },
            "dist": {
                "type": "zip",
                "url": "https://api.github.com/repos/twigphp/Twig/zipball/daa657073e55b0a78cce8fdd22682fddecc6385f",
                "reference": "daa657073e55b0a78cce8fdd22682fddecc6385f",
                "shasum": ""
            },
            "require": {
                "php": ">=5.3.3"
            },
            "require-dev": {
                "psr/container": "^1.0",
                "symfony/debug": "~2.7",
                "symfony/phpunit-bridge": "~3.3@dev"
            },
            "type": "library",
            "extra": {
                "branch-alias": {
                    "dev-master": "1.35-dev"
                }
            },
            "autoload": {
                "psr-0": {
                    "Twig_": "lib/"
                },
                "psr-4": {
                    "Twig\\": "src/"
                }
            },
            "notification-url": "https://packagist.org/downloads/",
            "license": [
                "BSD-3-Clause"
            ],
            "authors": [
                {
                    "name": "Fabien Potencier",
                    "email": "fabien@symfony.com",
                    "homepage": "http://fabien.potencier.org",
                    "role": "Lead Developer"
                },
                {
                    "name": "Armin Ronacher",
                    "email": "armin.ronacher@active-4.com",
                    "role": "Project Founder"
                },
                {
                    "name": "Twig Team",
                    "homepage": "http://twig.sensiolabs.org/contributors",
                    "role": "Contributors"
                }
            ],
            "description": "Twig, the flexible, fast, and secure template language for PHP",
            "homepage": "http://twig.sensiolabs.org",
            "keywords": [
                "templating"
            ],
            "time": "2017-09-27T18:06:46+00:00"
        }
    ],
    "packages-dev": [],
    "aliases": [],
    "minimum-stability": "stable",
    "stability-flags": [],
    "prefer-stable": false,
    "prefer-lowest": false,
    "platform": {
        "php": ">=5.6.5"
    },
    "platform-dev": []
}
